
Microsoft Visual Studio Solution File, Format Version 12.00
# Visual Studio Version 16
VisualStudioVersion = 16.0.30011.22
MinimumVisualStudioVersion = 10.0.40219.1
Project("{FAE04EC0-301F-11D3-BF4B-00C04F79EFBC}") = "csloop3", "csloop3\csloop3.csproj", "{2C1A82B1-35D6-4719-97FF-510FE0A47CC4}"
EndProject
Global
	GlobalSection(SolutionConfigurationPlatforms) = preSolution
		Debug|Any CPU = Debug|Any CPU
		Release|Any CPU = Release|Any CPU
	EndGlobalSection
	GlobalSection(ProjectConfigurationPlatforms) = postSolution
		{2C1A82B1-35D6-4719-97FF-510FE0A47CC4}.Debug|Any CPU.ActiveCfg = Debug|Any CPU
		{2C1A82B1-35D6-4719-97FF-510FE0A47CC4}.Debug|Any CPU.Build.0 = Debug|Any CPU
		{2C1A82B1-35D6-4719-97FF-510FE0A47CC4}.Release|Any CPU.ActiveCfg = Release|Any CPU
		{2C1A82B1-35D6-4719-97FF-510FE0A47CC4}.Release|Any CPU.Build.0 = Release|Any CPU
	EndGlobalSection
	GlobalSection(SolutionProperties) = preSolution
		HideSolutionNode = FALSE
	EndGlobalSection
	GlobalSection(ExtensibilityGlobals) = postSolution
		SolutionGuid = {571E9630-5E00-4980-BEFD-C2950BC6106A}
	EndGlobalSection
EndGlobal
